PODS:
  - Alamofire (3.4.1)
  - AlamofireNetworkActivityIndicator (1.0.1):
    - Alamofire (~> 3.3)
  - AlamofireXmlToObjects (1.2.0):
    - Alamofire
    - EVReflection
    - XMLDictionary
  - EVReflection (2.38.2)
  - XMLDictionary (1.4)

DEPENDENCIES:
  - Alamofire
  - AlamofireNetworkActivityIndicator
  - AlamofireXmlToObjects

SPEC CHECKSUMS:
  Alamofire: 01a82e2f6c0f860ade35534c8dd88be61bdef40c
  AlamofireNetworkActivityIndicator: 49a6e39afb947136f7b1872bae2d684957c26697
  AlamofireXmlToObjects: 350a3d24e24fe836904598d276080d9519f978cf
  EVReflection: 513bdc21d6b2c3e37668500f8098789cbe0d7eb9
  XMLDictionary: f9f51601ba76678b594ab485f2b00ec1fed23724

COCOAPODS: 0.36.0
