// !$*UTF8*$!
{
	archiveVersion = 1;
	classes = {
	};
	objectVersion = 46;
	objects = {

/* Begin PBXBuildFile section */
		227C05D61D3180120033E6BD /* AppDelegate.swift in Sources */ = {isa = PBXBuildFile; fileRef = 227C05D51D3180120033E6BD /* AppDelegate.swift */; };
		227C05D81D3180120033E6BD /* ViewController.swift in Sources */ = {isa = PBXBuildFile; fileRef = 227C05D71D3180120033E6BD /* ViewController.swift */; };
		227C05DB1D3180120033E6BD /* Main.storyboard in Resources */ = {isa = PBXBuildFile; fileRef = 227C05D91D3180120033E6BD /* Main.storyboard */; };
		227C05DE1D3180120033E6BD /* SwiftMaps.xcdatamodeld in Sources */ = {isa = PBXBuildFile; fileRef = 227C05DC1D3180120033E6BD /* SwiftMaps.xcdatamodeld */; };
		227C05E01D3180120033E6BD /* Assets.xcassets in Resources */ = {isa = PBXBuildFile; fileRef = 227C05DF1D3180120033E6BD /* Assets.xcassets */; };
		227C05E31D3180120033E6BD /* LaunchScreen.storyboard in Resources */ = {isa = PBXBuildFile; fileRef = 227C05E11D3180120033E6BD /* LaunchScreen.storyboard */; };
		227C05EE1D3180120033E6BD /* SwiftMapsTests.swift in Sources */ = {isa = PBXBuildFile; fileRef = 227C05ED1D3180120033E6BD /* SwiftMapsTests.swift */; };
		227C05F91D3180120033E6BD /* SwiftMapsUITests.swift in Sources */ = {isa = PBXBuildFile; fileRef = 227C05F81D3180120033E6BD /* SwiftMapsUITests.swift */; };
/* End PBXBuildFile section */

/* Begin PBXContainerItemProxy section */
		227C05EA1D3180120033E6BD /* PBXContainerItemProxy */ = {
			isa = PBXContainerItemProxy;
			containerPortal = 227C05CA1D3180110033E6BD /* Project object */;
			proxyType = 1;
			remoteGlobalIDString = 227C05D11D3180110033E6BD;
			remoteInfo = SwiftMaps;
		};
		227C05F51D3180120033E6BD /* PBXContainerItemProxy */ = {
			isa = PBXContainerItemProxy;
			containerPortal = 227C05CA1D3180110033E6BD /* Project object */;
			proxyType = 1;
			remoteGlobalIDString = 227C05D11D3180110033E6BD;
			remoteInfo = SwiftMaps;
		};
/* End PBXContainerItemProxy section */

/* Begin PBXFileReference section */
		227C05D21D3180110033E6BD /* SwiftMaps.app */ = {isa = PBXFileReference; explicitFileType = wrapper.application; includeInIndex = 0; path = SwiftMaps.app; sourceTree = BUILT_PRODUCTS_DIR; };
		227C05D51D3180120033E6BD /* AppDelegate.swift */ = {isa = PBXFileReference; lastKnownFileType = sourcecode.swift; path = AppDelegate.swift; sourceTree = "<group>"; };
		227C05D71D3180120033E6BD /* ViewController.swift */ = {isa = PBXFileReference; lastKnownFileType = sourcecode.swift; path = ViewController.swift; sourceTree = "<group>"; };
		227C05DA1D3180120033E6BD /* Base */ = {isa = PBXFileReference; lastKnownFileType = file.storyboard; name = Base; path = Base.lproj/Main.storyboard; sourceTree = "<group>"; };
		227C05DD1D3180120033E6BD /* SwiftMaps.xcdatamodel */ = {isa = PBXFileReference; lastKnownFileType = wrapper.xcdatamodel; path = SwiftMaps.xcdatamodel; sourceTree = "<group>"; };
		227C05DF1D3180120033E6BD /* Assets.xcassets */ = {isa = PBXFileReference; lastKnownFileType = folder.assetcatalog; path = Assets.xcassets; sourceTree = "<group>"; };
		227C05E21D3180120033E6BD /* Base */ = {isa = PBXFileReference; lastKnownFileType = file.storyboard; name = Base; path = Base.lproj/LaunchScreen.storyboard; sourceTree = "<group>"; };
		227C05E41D3180120033E6BD /* Info.plist */ = {isa = PBXFileReference; lastKnownFileType = text.plist.xml; path = Info.plist; sourceTree = "<group>"; };
		227C05E91D3180120033E6BD /* SwiftMapsTests.xctest */ = {isa = PBXFileReference; explicitFileType = wrapper.cfbundle; includeInIndex = 0; path = SwiftMapsTests.xctest; sourceTree = BUILT_PRODUCTS_DIR; };
		227C05ED1D3180120033E6BD /* SwiftMapsTests.swift */ = {isa = PBXFileReference; lastKnownFileType = sourcecode.swift; path = SwiftMapsTests.swift; sourceTree = "<group>"; };
		227C05EF1D3180120033E6BD /* Info.plist */ = {isa = PBXFileReference; lastKnownFileType = text.plist.xml; path = Info.plist; sourceTree = "<group>"; };
		227C05F41D3180120033E6BD /* SwiftMapsUITests.xctest */ = {isa = PBXFileReference; explicitFileType = wrapper.cfbundle; includeInIndex = 0; path = SwiftMapsUITests.xctest; sourceTree = BUILT_PRODUCTS_DIR; };
		227C05F81D3180120033E6BD /* SwiftMapsUITests.swift */ = {isa = PBXFileReference; lastKnownFileType = sourcecode.swift; path = SwiftMapsUITests.swift; sourceTree = "<group>"; };
		227C05FA1D3180120033E6BD /* Info.plist */ = {isa = PBXFileReference; lastKnownFileType = text.plist.xml; path = Info.plist; sourceTree = "<group>"; };
/* End PBXFileReference section */

/* Begin PBXFrameworksBuildPhase section */
		227C05CF1D3180110033E6BD /* Frameworks */ = {
			isa = PBXFrameworksBuildPhase;
			buildActionMask = 2147483647;
			files = (
			);
			runOnlyForDeploymentPostprocessing = 0;
		};
		227C05E61D3180120033E6BD /* Frameworks */ = {
			isa = PBXFrameworksBuildPhase;
			buildActionMask = 2147483647;
			files = (
			);
			runOnlyForDeploymentPostprocessing = 0;
		};
		227C05F11D3180120033E6BD /* Frameworks */ = {
			isa = PBXFrameworksBuildPhase;
			buildActionMask = 2147483647;
			files = (
			);
			runOnlyForDeploymentPostprocessing = 0;
		};
/* End PBXFrameworksBuildPhase section */

/* Begin PBXGroup section */
		227C05C91D3180110033E6BD = {
			isa = PBXGroup;
			children = (
				227C05D41D3180120033E6BD /* SwiftMaps */,
				227C05EC1D3180120033E6BD /* SwiftMapsTests */,
				227C05F71D3180120033E6BD /* SwiftMapsUITests */,
				227C05D31D3180110033E6BD /* Products */,
			);
			sourceTree = "<group>";
		};
		227C05D31D3180110033E6BD /* Products */ = {
			isa = PBXGroup;
			children = (
				227C05D21D3180110033E6BD /* SwiftMaps.app */,
				227C05E91D3180120033E6BD /* SwiftMapsTests.xctest */,
				227C05F41D3180120033E6BD /* SwiftMapsUITests.xctest */,
			);
			name = Products;
			sourceTree = "<group>";
		};
		227C05D41D3180120033E6BD /* SwiftMaps */ = {
			isa = PBXGroup;
			children = (
				227C05D51D3180120033E6BD /* AppDelegate.swift */,
				227C05D71D3180120033E6BD /* ViewController.swift */,
				227C05D91D3180120033E6BD /* Main.storyboard */,
				227C05DF1D3180120033E6BD /* Assets.xcassets */,
				227C05E11D3180120033E6BD /* LaunchScreen.storyboard */,
				227C05E41D3180120033E6BD /* Info.plist */,
				227C05DC1D3180120033E6BD /* SwiftMaps.xcdatamodeld */,
			);
			path = SwiftMaps;
			sourceTree = "<group>";
		};
		227C05EC1D3180120033E6BD /* SwiftMapsTests */ = {
			isa = PBXGroup;
			children = (
				227C05ED1D3180120033E6BD /* SwiftMapsTests.swift */,
				227C05EF1D3180120033E6BD /* Info.plist */,
			);
			path = SwiftMapsTests;
			sourceTree = "<group>";
		};
		227C05F71D3180120033E6BD /* SwiftMapsUITests */ = {
			isa = PBXGroup;
			children = (
				227C05F81D3180120033E6BD /* SwiftMapsUITests.swift */,
				227C05FA1D3180120033E6BD /* Info.plist */,
			);
			path = SwiftMapsUITests;
			sourceTree = "<group>";
		};
/* End PBXGroup section */

/* Begin PBXNativeTarget section */
		227C05D11D3180110033E6BD /* SwiftMaps */ = {
			isa = PBXNativeTarget;
			buildConfigurationList = 227C05FD1D3180120033E6BD /* Build configuration list for PBXNativeTarget "SwiftMaps" */;
			buildPhases = (
				227C05CE1D3180110033E6BD /* Sources */,
				227C05CF1D3180110033E6BD /* Frameworks */,
				227C05D01D3180110033E6BD /* Resources */,
			);
			buildRules = (
			);
			dependencies = (
			);
			name = SwiftMaps;
			productName = SwiftMaps;
			productReference = 227C05D21D3180110033E6BD /* SwiftMaps.app */;
			productType = "com.apple.product-type.application";
		};
		227C05E81D3180120033E6BD /* SwiftMapsTests */ = {
			isa = PBXNativeTarget;
			buildConfigurationList = 227C06001D3180120033E6BD /* Build configuration list for PBXNativeTarget "SwiftMapsTests" */;
			buildPhases = (
				227C05E51D3180120033E6BD /* Sources */,
				227C05E61D3180120033E6BD /* Frameworks */,
				227C05E71D3180120033E6BD /* Resources */,
			);
			buildRules = (
			);
			dependencies = (
				227C05EB1D3180120033E6BD /* PBXTargetDependency */,
			);
			name = SwiftMapsTests;
			productName = SwiftMapsTests;
			productReference = 227C05E91D3180120033E6BD /* SwiftMapsTests.xctest */;
			productType = "com.apple.product-type.bundle.unit-test";
		};
		227C05F31D3180120033E6BD /* SwiftMapsUITests */ = {
			isa = PBXNativeTarget;
			buildConfigurationList = 227C06031D3180120033E6BD /* Build configuration list for PBXNativeTarget "SwiftMapsUITests" */;
			buildPhases = (
				227C05F01D3180120033E6BD /* Sources */,
				227C05F11D3180120033E6BD /* Frameworks */,
				227C05F21D3180120033E6BD /* Resources */,
			);
			buildRules = (
			);
			dependencies = (
				227C05F61D3180120033E6BD /* PBXTargetDependency */,
			);
			name = SwiftMapsUITests;
			productName = SwiftMapsUITests;
			productReference = 227C05F41D3180120033E6BD /* SwiftMapsUITests.xctest */;
			productType = "com.apple.product-type.bundle.ui-testing";
		};
/* End PBXNativeTarget section */

/* Begin PBXProject section */
		227C05CA1D3180110033E6BD /* Project object */ = {
			isa = PBXProject;
			attributes = {
				LastSwiftUpdateCheck = 0730;
				LastUpgradeCheck = 0730;
				ORGANIZATIONNAME = phschneider.net;
				TargetAttributes = {
					227C05D11D3180110033E6BD = {
						CreatedOnToolsVersion = 7.3.1;
					};
					227C05E81D3180120033E6BD = {
						CreatedOnToolsVersion = 7.3.1;
						TestTargetID = 227C05D11D3180110033E6BD;
					};
					227C05F31D3180120033E6BD = {
						CreatedOnToolsVersion = 7.3.1;
						TestTargetID = 227C05D11D3180110033E6BD;
					};
				};
			};
			buildConfigurationList = 227C05CD1D3180110033E6BD /* Build configuration list for PBXProject "SwiftMaps" */;
			compatibilityVersion = "Xcode 3.2";
			developmentRegion = English;
			hasScannedForEncodings = 0;
			knownRegions = (
				en,
				Base,
			);
			mainGroup = 227C05C91D3180110033E6BD;
			productRefGroup = 227C05D31D3180110033E6BD /* Products */;
			projectDirPath = "";
			projectRoot = "";
			targets = (
				227C05D11D3180110033E6BD /* SwiftMaps */,
				227C05E81D3180120033E6BD /* SwiftMapsTests */,
				227C05F31D3180120033E6BD /* SwiftMapsUITests */,
			);
		};
/* End PBXProject section */

/* Begin PBXResourcesBuildPhase section */
		227C05D01D3180110033E6BD /* Resources */ = {
			isa = PBXResourcesBuildPhase;
			buildActionMask = 2147483647;
			files = (
				227C05E31D3180120033E6BD /* LaunchScreen.storyboard in Resources */,
				227C05E01D3180120033E6BD /* Assets.xcassets in Resources */,
				227C05DB1D3180120033E6BD /* Main.storyboard in Resources */,
			);
			runOnlyForDeploymentPostprocessing = 0;
		};
		227C05E71D3180120033E6BD /* Resources */ = {
			isa = PBXResourcesBuildPhase;
			buildActionMask = 2147483647;
			files = (
			);
			runOnlyForDeploymentPostprocessing = 0;
		};
		227C05F21D3180120033E6BD /* Resources */ = {
			isa = PBXResourcesBuildPhase;
			buildActionMask = 2147483647;
			files = (
			);
			runOnlyForDeploymentPostprocessing = 0;
		};
/* End PBXResourcesBuildPhase section */

/* Begin PBXSourcesBuildPhase section */
		227C05CE1D3180110033E6BD /* Sources */ = {
			isa = PBXSourcesBuildPhase;
			buildActionMask = 2147483647;
			files = (
				227C05DE1D3180120033E6BD /* SwiftMaps.xcdatamodeld in Sources */,
				227C05D81D3180120033E6BD /* ViewController.swift in Sources */,
				227C05D61D3180120033E6BD /* AppDelegate.swift in Sources */,
			);
			runOnlyForDeploymentPostprocessing = 0;
		};
		227C05E51D3180120033E6BD /* Sources */ = {
			isa = PBXSourcesBuildPhase;
			buildActionMask = 2147483647;
			files = (
				227C05EE1D3180120033E6BD /* SwiftMapsTests.swift in Sources */,
			);
			runOnlyForDeploymentPostprocessing = 0;
		};
		227C05F01D3180120033E6BD /* Sources */ = {
			isa = PBXSourcesBuildPhase;
			buildActionMask = 2147483647;
			files = (
				227C05F91D3180120033E6BD /* SwiftMapsUITests.swift in Sources */,
			);
			runOnlyForDeploymentPostprocessing = 0;
		};
/* End PBXSourcesBuildPhase section */

/* Begin PBXTargetDependency section */
		227C05EB1D3180120033E6BD /* PBXTargetDependency */ = {
			isa = PBXTargetDependency;
			target = 227C05D11D3180110033E6BD /* SwiftMaps */;
			targetProxy = 227C05EA1D3180120033E6BD /* PBXContainerItemProxy */;
		};
		227C05F61D3180120033E6BD /* PBXTargetDependency */ = {
			isa = PBXTargetDependency;
			target = 227C05D11D3180110033E6BD /* SwiftMaps */;
			targetProxy = 227C05F51D3180120033E6BD /* PBXContainerItemProxy */;
		};
/* End PBXTargetDependency section */

/* Begin PBXVariantGroup section */
		227C05D91D3180120033E6BD /* Main.storyboard */ = {
			isa = PBXVariantGroup;
			children = (
				227C05DA1D3180120033E6BD /* Base */,
			);
			name = Main.storyboard;
			sourceTree = "<group>";
		};
		227C05E11D3180120033E6BD /* LaunchScreen.storyboard */ = {
			isa = PBXVariantGroup;
			children = (
				227C05E21D3180120033E6BD /* Base */,
			);
			name = LaunchScreen.storyboard;
			sourceTree = "<group>";
		};
/* End PBXVariantGroup section */

/* Begin XCBuildConfiguration section */
		227C05FB1D3180120033E6BD /* Debug */ = {
			isa = XCBuildConfiguration;
			buildSettings = {
				ALWAYS_SEARCH_USER_PATHS = NO;
				CLANG_ANALYZER_NONNULL = YES;
				CLANG_CXX_LANGUAGE_STANDARD = "gnu++0x";
				CLANG_CXX_LIBRARY = "libc++";
				CLANG_ENABLE_MODULES = YES;
				CLANG_ENABLE_OBJC_ARC = YES;
				CLANG_WARN_BOOL_CONVERSION = YES;
				CLANG_WARN_CONSTANT_CONVERSION = YES;
				CLANG_WARN_DIRECT_OBJC_ISA_USAGE = YES_ERROR;
				CLANG_WARN_EMPTY_BODY = YES;
				CLANG_WARN_ENUM_CONVERSION = YES;
				CLANG_WARN_INT_CONVERSION = YES;
				CLANG_WARN_OBJC_ROOT_CLASS = YES_ERROR;
				CLANG_WARN_UNREACHABLE_CODE = YES;
				CLANG_WARN__DUPLICATE_METHOD_MATCH = YES;
				"CODE_SIGN_IDENTITY[sdk=iphoneos*]" = "iPhone Developer";
				COPY_PHASE_STRIP = NO;
				DEBUG_INFORMATION_FORMAT = dwarf;
				ENABLE_STRICT_OBJC_MSGSEND = YES;
				ENABLE_TESTABILITY = YES;
				GCC_C_LANGUAGE_STANDARD = gnu99;
				GCC_DYNAMIC_NO_PIC = NO;
				GCC_NO_COMMON_BLOCKS = YES;
				GCC_OPTIMIZATION_LEVEL = 0;
				GCC_PREPROCESSOR_DEFINITIONS = (
					"DEBUG=1",
					"$(inherited)",
				);
				GCC_WARN_64_TO_32_BIT_CONVERSION = YES;
				GCC_WARN_ABOUT_RETURN_TYPE = YES_ERROR;
				GCC_WARN_UNDECLARED_SELECTOR = YES;
				GCC_WARN_UNINITIALIZED_AUTOS = YES_AGGRESSIVE;
				GCC_WARN_UNUSED_FUNCTION = YES;
				GCC_WARN_UNUSED_VARIABLE = YES;
				IPHONEOS_DEPLOYMENT_TARGET = 9.3;
				MTL_ENABLE_DEBUG_INFO = YES;
				ONLY_ACTIVE_ARCH = YES;
				SDKROOT = iphoneos;
				SWIFT_OPTIMIZATION_LEVEL = "-Onone";
				TARGETED_DEVICE_FAMILY = "1,2";
			};
			name = Debug;
		};
		227C05FC1D3180120033E6BD /* Release */ = {
			isa = XCBuildConfiguration;
			buildSettings = {
				ALWAYS_SEARCH_USER_PATHS = NO;
				CLANG_ANALYZER_NONNULL = YES;
				CLANG_CXX_LANGUAGE_STANDARD = "gnu++0x";
				CLANG_CXX_LIBRARY = "libc++";
				CLANG_ENABLE_MODULES = YES;
				CLANG_ENABLE_OBJC_ARC = YES;
				CLANG_WARN_BOOL_CONVERSION = YES;
				CLANG_WARN_CONSTANT_CONVERSION = YES;
				CLANG_WARN_DIRECT_OBJC_ISA_USAGE = YES_ERROR;
				CLANG_WARN_EMPTY_BODY = YES;
				CLANG_WARN_ENUM_CONVERSION = YES;
				CLANG_WARN_INT_CONVERSION = YES;
				CLANG_WARN_OBJC_ROOT_CLASS = YES_ERROR;
				CLANG_WARN_UNREACHABLE_CODE = YES;
				CLANG_WARN__DUPLICATE_METHOD_MATCH = YES;
				"CODE_SIGN_IDENTITY[sdk=iphoneos*]" = "iPhone Developer";
				COPY_PHASE_STRIP = NO;
				DEBUG_INFORMATION_FORMAT = "dwarf-with-dsym";
				ENABLE_NS_ASSERTIONS = NO;
				ENABLE_STRICT_OBJC_MSGSEND = YES;
				GCC_C_LANGUAGE_STANDARD = gnu99;
				GCC_NO_COMMON_BLOCKS = YES;
				GCC_WARN_64_TO_32_BIT_CONVERSION = YES;
				GCC_WARN_ABOUT_RETURN_TYPE = YES_ERROR;
				GCC_WARN_UNDECLARED_SELECTOR = YES;
				GCC_WARN_UNINITIALIZED_AUTOS = YES_AGGRESSIVE;
				GCC_WARN_UNUSED_FUNCTION = YES;
				GCC_WARN_UNUSED_VARIABLE = YES;
				IPHONEOS_DEPLOYMENT_TARGET = 9.3;
				MTL_ENABLE_DEBUG_INFO = NO;
				SDKROOT = iphoneos;
				TARGETED_DEVICE_FAMILY = "1,2";
				VALIDATE_PRODUCT = YES;
			};
			name = Release;
		};
		227C05FE1D3180120033E6BD /* Debug */ = {
			isa = XCBuildConfiguration;
			buildSettings = {
				ASSETCATALOG_COMPILER_APPICON_NAME = AppIcon;
				INFOPLIST_FILE = SwiftMaps/Info.plist;
				LD_RUNPATH_SEARCH_PATHS = "$(inherited) @executable_path/Frameworks";
				PRODUCT_BUNDLE_IDENTIFIER = net.phschneider.SwiftMaps;
				PRODUCT_NAME = "$(TARGET_NAME)";
			};
			name = Debug;
		};
		227C05FF1D3180120033E6BD /* Release */ = {
			isa = XCBuildConfiguration;
			buildSettings = {
				ASSETCATALOG_COMPILER_APPICON_NAME = AppIcon;
				INFOPLIST_FILE = SwiftMaps/Info.plist;
				LD_RUNPATH_SEARCH_PATHS = "$(inherited) @executable_path/Frameworks";
				PRODUCT_BUNDLE_IDENTIFIER = net.phschneider.SwiftMaps;
				PRODUCT_NAME = "$(TARGET_NAME)";
			};
			name = Release;
		};
		227C06011D3180120033E6BD /* Debug */ = {
			isa = XCBuildConfiguration;
			buildSettings = {
				BUNDLE_LOADER = "$(TEST_HOST)";
				INFOPLIST_FILE = SwiftMapsTests/Info.plist;
				LD_RUNPATH_SEARCH_PATHS = "$(inherited) @executable_path/Frameworks @loader_path/Frameworks";
				PRODUCT_BUNDLE_IDENTIFIER = net.phschneider.SwiftMapsTests;
				PRODUCT_NAME = "$(TARGET_NAME)";
				TEST_HOST = "$(BUILT_PRODUCTS_DIR)/SwiftMaps.app/SwiftMaps";
			};
			name = Debug;
		};
		227C06021D3180120033E6BD /* Release */ = {
			isa = XCBuildConfiguration;
			buildSettings = {
				BUNDLE_LOADER = "$(TEST_HOST)";
				INFOPLIST_FILE = SwiftMapsTests/Info.plist;
				LD_RUNPATH_SEARCH_PATHS = "$(inherited) @executable_path/Frameworks @loader_path/Frameworks";
				PRODUCT_BUNDLE_IDENTIFIER = net.phschneider.SwiftMapsTests;
				PRODUCT_NAME = "$(TARGET_NAME)";
				TEST_HOST = "$(BUILT_PRODUCTS_DIR)/SwiftMaps.app/SwiftMaps";
			};
			name = Release;
		};
		227C06041D3180120033E6BD /* Debug */ = {
			isa = XCBuildConfiguration;
			buildSettings = {
				INFOPLIST_FILE = SwiftMapsUITests/Info.plist;
				LD_RUNPATH_SEARCH_PATHS = "$(inherited) @executable_path/Frameworks @loader_path/Frameworks";
				PRODUCT_BUNDLE_IDENTIFIER = net.phschneider.SwiftMapsUITests;
				PRODUCT_NAME = "$(TARGET_NAME)";
				TEST_TARGET_NAME = SwiftMaps;
			};
			name = Debug;
		};
		227C06051D3180120033E6BD /* Release */ = {
			isa = XCBuildConfiguration;
			buildSettings = {
				INFOPLIST_FILE = SwiftMapsUITests/Info.plist;
				LD_RUNPATH_SEARCH_PATHS = "$(inherited) @executable_path/Frameworks @loader_path/Frameworks";
				PRODUCT_BUNDLE_IDENTIFIER = net.phschneider.SwiftMapsUITests;
				PRODUCT_NAME = "$(TARGET_NAME)";
				TEST_TARGET_NAME = SwiftMaps;
			};
			name = Release;
		};
/* End XCBuildConfiguration section */

/* Begin XCConfigurationList section */
		227C05CD1D3180110033E6BD /* Build configuration list for PBXProject "SwiftMaps" */ = {
			isa = XCConfigurationList;
			buildConfigurations = (
				227C05FB1D3180120033E6BD /* Debug */,
				227C05FC1D3180120033E6BD /* Release */,
			);
			defaultConfigurationIsVisible = 0;
			defaultConfigurationName = Release;
		};
		227C05FD1D3180120033E6BD /* Build configuration list for PBXNativeTarget "SwiftMaps" */ = {
			isa = XCConfigurationList;
			buildConfigurations = (
				227C05FE1D3180120033E6BD /* Debug */,
				227C05FF1D3180120033E6BD /* Release */,
			);
			defaultConfigurationIsVisible = 0;
		};
		227C06001D3180120033E6BD /* Build configuration list for PBXNativeTarget "SwiftMapsTests" */ = {
			isa = XCConfigurationList;
			buildConfigurations = (
				227C06011D3180120033E6BD /* Debug */,
				227C06021D3180120033E6BD /* Release */,
			);
			defaultConfigurationIsVisible = 0;
		};
		227C06031D3180120033E6BD /* Build configuration list for PBXNativeTarget "SwiftMapsUITests" */ = {
			isa = XCConfigurationList;
			buildConfigurations = (
				227C06041D3180120033E6BD /* Debug */,
				227C06051D3180120033E6BD /* Release */,
			);
			defaultConfigurationIsVisible = 0;
		};
/* End XCConfigurationList section */

/* Begin XCVersionGroup section */
		227C05DC1D3180120033E6BD /* SwiftMaps.xcdatamodeld */ = {
			isa = XCVersionGroup;
			children = (
				227C05DD1D3180120033E6BD /* SwiftMaps.xcdatamodel */,
			);
			currentVersion = 227C05DD1D3180120033E6BD /* SwiftMaps.xcdatamodel */;
			path = SwiftMaps.xcdatamodeld;
			sourceTree = "<group>";
			versionGroupType = wrapper.xcdatamodel;
		};
/* End XCVersionGroup section */
	};
	rootObject = 227C05CA1D3180110033E6BD /* Project object */;
}
