// !$*UTF8*$!
{
	archiveVersion = 1;
	classes = {
	};
	objectVersion = 46;
	objects = {

/* Begin PBXBuildFile section */
		223501871D60C6D10043D3E0 /* DetailViewController.swift in Sources */ = {isa = PBXBuildFile; fileRef = 223501861D60C6D10043D3E0 /* DetailViewController.swift */; };
		223501891D60C8050043D3E0 /* NodeAnnotationView.swift in Sources */ = {isa = PBXBuildFile; fileRef = 223501881D60C8050043D3E0 /* NodeAnnotationView.swift */; };
		223501A41D611D820043D3E0 /* Icon-29.png in Resources */ = {isa = PBXBuildFile; fileRef = 2235018D1D611D820043D3E0 /* Icon-29.png */; };
		223501A51D611D820043D3E0 /* Icon-29@2x.png in Resources */ = {isa = PBXBuildFile; fileRef = 2235018E1D611D820043D3E0 /* Icon-29@2x.png */; };
		223501A61D611D820043D3E0 /* Icon-29@3x.png in Resources */ = {isa = PBXBuildFile; fileRef = 2235018F1D611D820043D3E0 /* Icon-29@3x.png */; };
		223501A71D611D820043D3E0 /* Icon-40.png in Resources */ = {isa = PBXBuildFile; fileRef = 223501901D611D820043D3E0 /* Icon-40.png */; };
		223501A81D611D820043D3E0 /* Icon-40@2x.png in Resources */ = {isa = PBXBuildFile; fileRef = 223501911D611D820043D3E0 /* Icon-40@2x.png */; };
		223501A91D611D820043D3E0 /* Icon-40@3x.png in Resources */ = {isa = PBXBuildFile; fileRef = 223501921D611D820043D3E0 /* Icon-40@3x.png */; };
		223501AA1D611D820043D3E0 /* Icon-60.png in Resources */ = {isa = PBXBuildFile; fileRef = 223501931D611D820043D3E0 /* Icon-60.png */; };
		223501AB1D611D820043D3E0 /* Icon-60@2x.png in Resources */ = {isa = PBXBuildFile; fileRef = 223501941D611D820043D3E0 /* Icon-60@2x.png */; };
		223501AC1D611D820043D3E0 /* Icon-60@3x.png in Resources */ = {isa = PBXBuildFile; fileRef = 223501951D611D820043D3E0 /* Icon-60@3x.png */; };
		223501AD1D611D820043D3E0 /* Icon-72.png in Resources */ = {isa = PBXBuildFile; fileRef = 223501961D611D820043D3E0 /* Icon-72.png */; };
		223501AE1D611D820043D3E0 /* Icon-72@2x.png in Resources */ = {isa = PBXBuildFile; fileRef = 223501971D611D820043D3E0 /* Icon-72@2x.png */; };
		223501AF1D611D820043D3E0 /* Icon-76.png in Resources */ = {isa = PBXBuildFile; fileRef = 223501981D611D820043D3E0 /* Icon-76.png */; };
		223501B01D611D820043D3E0 /* Icon-76@2x.png in Resources */ = {isa = PBXBuildFile; fileRef = 223501991D611D820043D3E0 /* Icon-76@2x.png */; };
		223501B11D611D820043D3E0 /* Icon-83.5@2x.png in Resources */ = {isa = PBXBuildFile; fileRef = 2235019A1D611D820043D3E0 /* Icon-83.5@2x.png */; };
		223501B21D611D820043D3E0 /* Icon-Small-50.png in Resources */ = {isa = PBXBuildFile; fileRef = 2235019B1D611D820043D3E0 /* Icon-Small-50.png */; };
		223501B31D611D820043D3E0 /* Icon-Small-50@2x.png in Resources */ = {isa = PBXBuildFile; fileRef = 2235019C1D611D820043D3E0 /* Icon-Small-50@2x.png */; };
		223501B41D611D820043D3E0 /* Icon-Small.png in Resources */ = {isa = PBXBuildFile; fileRef = 2235019D1D611D820043D3E0 /* Icon-Small.png */; };
		223501B51D611D820043D3E0 /* Icon-Small@2x.png in Resources */ = {isa = PBXBuildFile; fileRef = 2235019E1D611D820043D3E0 /* Icon-Small@2x.png */; };
		223501B61D611D820043D3E0 /* Icon-Small@3x.png in Resources */ = {isa = PBXBuildFile; fileRef = 2235019F1D611D820043D3E0 /* Icon-Small@3x.png */; };
		223501B71D611D820043D3E0 /* Icon.png in Resources */ = {isa = PBXBuildFile; fileRef = 223501A01D611D820043D3E0 /* Icon.png */; };
		223501B81D611D820043D3E0 /* Icon@2x.png in Resources */ = {isa = PBXBuildFile; fileRef = 223501A11D611D820043D3E0 /* Icon@2x.png */; };
		223501B91D611D820043D3E0 /* iTunesArtwork.png in Resources */ = {isa = PBXBuildFile; fileRef = 223501A21D611D820043D3E0 /* iTunesArtwork.png */; };
		223501BA1D611D820043D3E0 /* iTunesArtwork@2x.png in Resources */ = {isa = PBXBuildFile; fileRef = 223501A31D611D820043D3E0 /* iTunesArtwork@2x.png */; };
		227653F81D318E3700BA689B /* Node.swift in Sources */ = {isa = PBXBuildFile; fileRef = 227653F71D318E3700BA689B /* Node.swift */; };
		227C05D61D3180120033E6BD /* AppDelegate.swift in Sources */ = {isa = PBXBuildFile; fileRef = 227C05D51D3180120033E6BD /* AppDelegate.swift */; };
		227C05D81D3180120033E6BD /* ViewController.swift in Sources */ = {isa = PBXBuildFile; fileRef = 227C05D71D3180120033E6BD /* ViewController.swift */; };
		227C05DB1D3180120033E6BD /* Main.storyboard in Resources */ = {isa = PBXBuildFile; fileRef = 227C05D91D3180120033E6BD /* Main.storyboard */; };
		227C05DE1D3180120033E6BD /* SwiftMaps.xcdatamodeld in Sources */ = {isa = PBXBuildFile; fileRef = 227C05DC1D3180120033E6BD /* SwiftMaps.xcdatamodeld */; };
		227C05E01D3180120033E6BD /* Assets.xcassets in Resources */ = {isa = PBXBuildFile; fileRef = 227C05DF1D3180120033E6BD /* Assets.xcassets */; };
		227C05E31D3180120033E6BD /* LaunchScreen.storyboard in Resources */ = {isa = PBXBuildFile; fileRef = 227C05E11D3180120033E6BD /* LaunchScreen.storyboard */; };
		227C05EE1D3180120033E6BD /* SwiftMapsTests.swift in Sources */ = {isa = PBXBuildFile; fileRef = 227C05ED1D3180120033E6BD /* SwiftMapsTests.swift */; };
		227C05F91D3180120033E6BD /* SwiftMapsUITests.swift in Sources */ = {isa = PBXBuildFile; fileRef = 227C05F81D3180120033E6BD /* SwiftMapsUITests.swift */; };
		229A74CE1D35918C002241F5 /* Nodes.swift in Sources */ = {isa = PBXBuildFile; fileRef = 229A74CD1D35918C002241F5 /* Nodes.swift */; };
		229A74D01D359232002241F5 /* Tag.swift in Sources */ = {isa = PBXBuildFile; fileRef = 229A74CF1D359232002241F5 /* Tag.swift */; };
		7421218801F653DEB16DF5FF /* Pods.framework in Frameworks */ = {isa = PBXBuildFile; fileRef = EC00347F4665D339BA6A6034 /* Pods.framework */; settings = {ATTRIBUTES = (Weak, ); }; };
/* End PBXBuildFile section */

/* Begin PBXContainerItemProxy section */
		227C05EA1D3180120033E6BD /* PBXContainerItemProxy */ = {
			isa = PBXContainerItemProxy;
			containerPortal = 227C05CA1D3180110033E6BD /* Project object */;
			proxyType = 1;
			remoteGlobalIDString = 227C05D11D3180110033E6BD;
			remoteInfo = SwiftMaps;
		};
		227C05F51D3180120033E6BD /* PBXContainerItemProxy */ = {
			isa = PBXContainerItemProxy;
			containerPortal = 227C05CA1D3180110033E6BD /* Project object */;
			proxyType = 1;
			remoteGlobalIDString = 227C05D11D3180110033E6BD;
			remoteInfo = SwiftMaps;
		};
/* End PBXContainerItemProxy section */

/* Begin PBXFileReference section */
		053EEA67321D9175542854A9 /* Pods.debug.xcconfig */ = {isa = PBXFileReference; includeInIndex = 1; lastKnownFileType = text.xcconfig; name = Pods.debug.xcconfig; path = "Pods/Target Support Files/Pods/Pods.debug.xcconfig"; sourceTree = "<group>"; };
		0879082E60C351BD4366D7F1 /* Pods.release.xcconfig */ = {isa = PBXFileReference; includeInIndex = 1; lastKnownFileType = text.xcconfig; name = Pods.release.xcconfig; path = "Pods/Target Support Files/Pods/Pods.release.xcconfig"; sourceTree = "<group>"; };
		223501861D60C6D10043D3E0 /* DetailViewController.swift */ = {isa = PBXFileReference; fileEncoding = 4; lastKnownFileType = sourcecode.swift; path = DetailViewController.swift; sourceTree = "<group>"; };
		223501881D60C8050043D3E0 /* NodeAnnotationView.swift */ = {isa = PBXFileReference; fileEncoding = 4; lastKnownFileType = sourcecode.swift; path = NodeAnnotationView.swift; sourceTree = "<group>"; };
		2235018D1D611D820043D3E0 /* Icon-29.png */ = {isa = PBXFileReference; lastKnownFileType = image.png; path = "Icon-29.png"; sourceTree = "<group>"; };
		2235018E1D611D820043D3E0 /* Icon-29@2x.png */ = {isa = PBXFileReference; lastKnownFileType = image.png; path = "Icon-29@2x.png"; sourceTree = "<group>"; };
		2235018F1D611D820043D3E0 /* Icon-29@3x.png */ = {isa = PBXFileReference; lastKnownFileType = image.png; path = "Icon-29@3x.png"; sourceTree = "<group>"; };
		223501901D611D820043D3E0 /* Icon-40.png */ = {isa = PBXFileReference; lastKnownFileType = image.png; path = "Icon-40.png"; sourceTree = "<group>"; };
		223501911D611D820043D3E0 /* Icon-40@2x.png */ = {isa = PBXFileReference; lastKnownFileType = image.png; path = "Icon-40@2x.png"; sourceTree = "<group>"; };
		223501921D611D820043D3E0 /* Icon-40@3x.png */ = {isa = PBXFileReference; lastKnownFileType = image.png; path = "Icon-40@3x.png"; sourceTree = "<group>"; };
		223501931D611D820043D3E0 /* Icon-60.png */ = {isa = PBXFileReference; lastKnownFileType = image.png; path = "Icon-60.png"; sourceTree = "<group>"; };
		223501941D611D820043D3E0 /* Icon-60@2x.png */ = {isa = PBXFileReference; lastKnownFileType = image.png; path = "Icon-60@2x.png"; sourceTree = "<group>"; };
		223501951D611D820043D3E0 /* Icon-60@3x.png */ = {isa = PBXFileReference; lastKnownFileType = image.png; path = "Icon-60@3x.png"; sourceTree = "<group>"; };
		223501961D611D820043D3E0 /* Icon-72.png */ = {isa = PBXFileReference; lastKnownFileType = image.png; path = "Icon-72.png"; sourceTree = "<group>"; };
		223501971D611D820043D3E0 /* Icon-72@2x.png */ = {isa = PBXFileReference; lastKnownFileType = image.png; path = "Icon-72@2x.png"; sourceTree = "<group>"; };
		223501981D611D820043D3E0 /* Icon-76.png */ = {isa = PBXFileReference; lastKnownFileType = image.png; path = "Icon-76.png"; sourceTree = "<group>"; };
		223501991D611D820043D3E0 /* Icon-76@2x.png */ = {isa = PBXFileReference; lastKnownFileType = image.png; path = "Icon-76@2x.png"; sourceTree = "<group>"; };
		2235019A1D611D820043D3E0 /* Icon-83.5@2x.png */ = {isa = PBXFileReference; lastKnownFileType = image.png; path = "Icon-83.5@2x.png"; sourceTree = "<group>"; };
		2235019B1D611D820043D3E0 /* Icon-Small-50.png */ = {isa = PBXFileReference; lastKnownFileType = image.png; path = "Icon-Small-50.png"; sourceTree = "<group>"; };
		2235019C1D611D820043D3E0 /* Icon-Small-50@2x.png */ = {isa = PBXFileReference; lastKnownFileType = image.png; path = "Icon-Small-50@2x.png"; sourceTree = "<group>"; };
		2235019D1D611D820043D3E0 /* Icon-Small.png */ = {isa = PBXFileReference; lastKnownFileType = image.png; path = "Icon-Small.png"; sourceTree = "<group>"; };
		2235019E1D611D820043D3E0 /* Icon-Small@2x.png */ = {isa = PBXFileReference; lastKnownFileType = image.png; path = "Icon-Small@2x.png"; sourceTree = "<group>"; };
		2235019F1D611D820043D3E0 /* Icon-Small@3x.png */ = {isa = PBXFileReference; lastKnownFileType = image.png; path = "Icon-Small@3x.png"; sourceTree = "<group>"; };
		223501A01D611D820043D3E0 /* Icon.png */ = {isa = PBXFileReference; lastKnownFileType = image.png; path = Icon.png; sourceTree = "<group>"; };
		223501A11D611D820043D3E0 /* Icon@2x.png */ = {isa = PBXFileReference; lastKnownFileType = image.png; path = "Icon@2x.png"; sourceTree = "<group>"; };
		223501A21D611D820043D3E0 /* iTunesArtwork.png */ = {isa = PBXFileReference; lastKnownFileType = image.png; path = iTunesArtwork.png; sourceTree = "<group>"; };
		223501A31D611D820043D3E0 /* iTunesArtwork@2x.png */ = {isa = PBXFileReference; lastKnownFileType = image.png; path = "iTunesArtwork@2x.png"; sourceTree = "<group>"; };
		227653EF1D31848E00BA689B /* SwiftMaps-Bridging-Header.h */ = {isa = PBXFileReference; lastKnownFileType = sourcecode.c.h; path = "SwiftMaps-Bridging-Header.h"; sourceTree = "<group>"; };
		227653F71D318E3700BA689B /* Node.swift */ = {isa = PBXFileReference; fileEncoding = 4; lastKnownFileType = sourcecode.swift; path = Node.swift; sourceTree = "<group>"; };
		227C05D21D3180110033E6BD /* SwiftMaps.app */ = {isa = PBXFileReference; explicitFileType = wrapper.application; includeInIndex = 0; path = SwiftMaps.app; sourceTree = BUILT_PRODUCTS_DIR; };
		227C05D51D3180120033E6BD /* AppDelegate.swift */ = {isa = PBXFileReference; lastKnownFileType = sourcecode.swift; path = AppDelegate.swift; sourceTree = "<group>"; };
		227C05D71D3180120033E6BD /* ViewController.swift */ = {isa = PBXFileReference; lastKnownFileType = sourcecode.swift; path = ViewController.swift; sourceTree = "<group>"; };
		227C05DA1D3180120033E6BD /* Base */ = {isa = PBXFileReference; lastKnownFileType = file.storyboard; name = Base; path = Base.lproj/Main.storyboard; sourceTree = "<group>"; };
		227C05DD1D3180120033E6BD /* SwiftMaps.xcdatamodel */ = {isa = PBXFileReference; lastKnownFileType = wrapper.xcdatamodel; path = SwiftMaps.xcdatamodel; sourceTree = "<group>"; };
		227C05DF1D3180120033E6BD /* Assets.xcassets */ = {isa = PBXFileReference; lastKnownFileType = folder.assetcatalog; path = Assets.xcassets; sourceTree = "<group>"; };
		227C05E21D3180120033E6BD /* Base */ = {isa = PBXFileReference; lastKnownFileType = file.storyboard; name = Base; path = Base.lproj/LaunchScreen.storyboard; sourceTree = "<group>"; };
		227C05E41D3180120033E6BD /* Info.plist */ = {isa = PBXFileReference; lastKnownFileType = text.plist.xml; path = Info.plist; sourceTree = "<group>"; };
		227C05E91D3180120033E6BD /* SwiftMapsTests.xctest */ = {isa = PBXFileReference; explicitFileType = wrapper.cfbundle; includeInIndex = 0; path = SwiftMapsTests.xctest; sourceTree = BUILT_PRODUCTS_DIR; };
		227C05ED1D3180120033E6BD /* SwiftMapsTests.swift */ = {isa = PBXFileReference; lastKnownFileType = sourcecode.swift; path = SwiftMapsTests.swift; sourceTree = "<group>"; };
		227C05EF1D3180120033E6BD /* Info.plist */ = {isa = PBXFileReference; lastKnownFileType = text.plist.xml; path = Info.plist; sourceTree = "<group>"; };
		227C05F41D3180120033E6BD /* SwiftMapsUITests.xctest */ = {isa = PBXFileReference; explicitFileType = wrapper.cfbundle; includeInIndex = 0; path = SwiftMapsUITests.xctest; sourceTree = BUILT_PRODUCTS_DIR; };
		227C05F81D3180120033E6BD /* SwiftMapsUITests.swift */ = {isa = PBXFileReference; lastKnownFileType = sourcecode.swift; path = SwiftMapsUITests.swift; sourceTree = "<group>"; };
		227C05FA1D3180120033E6BD /* Info.plist */ = {isa = PBXFileReference; lastKnownFileType = text.plist.xml; path = Info.plist; sourceTree = "<group>"; };
		229A74CD1D35918C002241F5 /* Nodes.swift */ = {isa = PBXFileReference; fileEncoding = 4; lastKnownFileType = sourcecode.swift; path = Nodes.swift; sourceTree = "<group>"; };
		229A74CF1D359232002241F5 /* Tag.swift */ = {isa = PBXFileReference; fileEncoding = 4; lastKnownFileType = sourcecode.swift; path = Tag.swift; sourceTree = "<group>"; };
		EC00347F4665D339BA6A6034 /* Pods.framework */ = {isa = PBXFileReference; explicitFileType = wrapper.framework; includeInIndex = 0; path = Pods.framework; sourceTree = BUILT_PRODUCTS_DIR; };
/* End PBXFileReference section */

/* Begin PBXFrameworksBuildPhase section */
		227C05CF1D3180110033E6BD /* Frameworks */ = {
			isa = PBXFrameworksBuildPhase;
			buildActionMask = 2147483647;
			files = (
				7421218801F653DEB16DF5FF /* Pods.framework in Frameworks */,
			);
			runOnlyForDeploymentPostprocessing = 0;
		};
		227C05E61D3180120033E6BD /* Frameworks */ = {
			isa = PBXFrameworksBuildPhase;
			buildActionMask = 2147483647;
			files = (
			);
			runOnlyForDeploymentPostprocessing = 0;
		};
		227C05F11D3180120033E6BD /* Frameworks */ = {
			isa = PBXFrameworksBuildPhase;
			buildActionMask = 2147483647;
			files = (
			);
			runOnlyForDeploymentPostprocessing = 0;
		};
/* End PBXFrameworksBuildPhase section */

/* Begin PBXGroup section */
		2235018C1D611D820043D3E0 /* Icons */ = {
			isa = PBXGroup;
			children = (
				2235018D1D611D820043D3E0 /* Icon-29.png */,
				2235018E1D611D820043D3E0 /* Icon-29@2x.png */,
				2235018F1D611D820043D3E0 /* Icon-29@3x.png */,
				223501901D611D820043D3E0 /* Icon-40.png */,
				223501911D611D820043D3E0 /* Icon-40@2x.png */,
				223501921D611D820043D3E0 /* Icon-40@3x.png */,
				223501931D611D820043D3E0 /* Icon-60.png */,
				223501941D611D820043D3E0 /* Icon-60@2x.png */,
				223501951D611D820043D3E0 /* Icon-60@3x.png */,
				223501961D611D820043D3E0 /* Icon-72.png */,
				223501971D611D820043D3E0 /* Icon-72@2x.png */,
				223501981D611D820043D3E0 /* Icon-76.png */,
				223501991D611D820043D3E0 /* Icon-76@2x.png */,
				2235019A1D611D820043D3E0 /* Icon-83.5@2x.png */,
				2235019B1D611D820043D3E0 /* Icon-Small-50.png */,
				2235019C1D611D820043D3E0 /* Icon-Small-50@2x.png */,
				2235019D1D611D820043D3E0 /* Icon-Small.png */,
				2235019E1D611D820043D3E0 /* Icon-Small@2x.png */,
				2235019F1D611D820043D3E0 /* Icon-Small@3x.png */,
				223501A01D611D820043D3E0 /* Icon.png */,
				223501A11D611D820043D3E0 /* Icon@2x.png */,
				223501A21D611D820043D3E0 /* iTunesArtwork.png */,
				223501A31D611D820043D3E0 /* iTunesArtwork@2x.png */,
			);
			path = Icons;
			sourceTree = "<group>";
		};
		227653F61D31849800BA689B /* Models */ = {
			isa = PBXGroup;
			children = (
			);
			name = Models;
			sourceTree = "<group>";
		};
		227C05C91D3180110033E6BD = {
			isa = PBXGroup;
			children = (
				2235018C1D611D820043D3E0 /* Icons */,
				227C05D41D3180120033E6BD /* SwiftMaps */,
				227C05EC1D3180120033E6BD /* SwiftMapsTests */,
				227C05F71D3180120033E6BD /* SwiftMapsUITests */,
				227C05D31D3180110033E6BD /* Products */,
				359EC2D35BC547549F36DE00 /* Frameworks */,
				FDD811799552711BAFA25D4E /* Pods */,
			);
			sourceTree = "<group>";
		};
		227C05D31D3180110033E6BD /* Products */ = {
			isa = PBXGroup;
			children = (
				227C05D21D3180110033E6BD /* SwiftMaps.app */,
				227C05E91D3180120033E6BD /* SwiftMapsTests.xctest */,
				227C05F41D3180120033E6BD /* SwiftMapsUITests.xctest */,
			);
			name = Products;
			sourceTree = "<group>";
		};
		227C05D41D3180120033E6BD /* SwiftMaps */ = {
			isa = PBXGroup;
			children = (
				227C05D51D3180120033E6BD /* AppDelegate.swift */,
				227C05D71D3180120033E6BD /* ViewController.swift */,
				223501861D60C6D10043D3E0 /* DetailViewController.swift */,
				227C05D91D3180120033E6BD /* Main.storyboard */,
				227C05DF1D3180120033E6BD /* Assets.xcassets */,
				227C05E11D3180120033E6BD /* LaunchScreen.storyboard */,
				227C05E41D3180120033E6BD /* Info.plist */,
				227C05DC1D3180120033E6BD /* SwiftMaps.xcdatamodeld */,
				227653F61D31849800BA689B /* Models */,
				227653EF1D31848E00BA689B /* SwiftMaps-Bridging-Header.h */,
				227653F71D318E3700BA689B /* Node.swift */,
				229A74CD1D35918C002241F5 /* Nodes.swift */,
				229A74CF1D359232002241F5 /* Tag.swift */,
				223501881D60C8050043D3E0 /* NodeAnnotationView.swift */,
			);
			path = SwiftMaps;
			sourceTree = "<group>";
		};
		227C05EC1D3180120033E6BD /* SwiftMapsTests */ = {
			isa = PBXGroup;
			children = (
				227C05ED1D3180120033E6BD /* SwiftMapsTests.swift */,
				227C05EF1D3180120033E6BD /* Info.plist */,
			);
			path = SwiftMapsTests;
			sourceTree = "<group>";
		};
		227C05F71D3180120033E6BD /* SwiftMapsUITests */ = {
			isa = PBXGroup;
			children = (
				227C05F81D3180120033E6BD /* SwiftMapsUITests.swift */,
				227C05FA1D3180120033E6BD /* Info.plist */,
			);
			path = SwiftMapsUITests;
			sourceTree = "<group>";
		};
		359EC2D35BC547549F36DE00 /* Frameworks */ = {
			isa = PBXGroup;
			children = (
				EC00347F4665D339BA6A6034 /* Pods.framework */,
			);
			name = Frameworks;
			sourceTree = "<group>";
		};
		FDD811799552711BAFA25D4E /* Pods */ = {
			isa = PBXGroup;
			children = (
				053EEA67321D9175542854A9 /* Pods.debug.xcconfig */,
				0879082E60C351BD4366D7F1 /* Pods.release.xcconfig */,
			);
			name = Pods;
			sourceTree = "<group>";
		};
/* End PBXGroup section */

/* Begin PBXNativeTarget section */
		227C05D11D3180110033E6BD /* SwiftMaps */ = {
			isa = PBXNativeTarget;
			buildConfigurationList = 227C05FD1D3180120033E6BD /* Build configuration list for PBXNativeTarget "SwiftMaps" */;
			buildPhases = (
				096BB48ADC374312869390CA /* Check Pods Manifest.lock */,
				227C05CE1D3180110033E6BD /* Sources */,
				227C05CF1D3180110033E6BD /* Frameworks */,
				227C05D01D3180110033E6BD /* Resources */,
				FD734F31E3EF47529F1E97AD /* Copy Pods Resources */,
				531C494ADF334E4584D88AD2 /* Embed Pods Frameworks */,
			);
			buildRules = (
			);
			dependencies = (
			);
			name = SwiftMaps;
			productName = SwiftMaps;
			productReference = 227C05D21D3180110033E6BD /* SwiftMaps.app */;
			productType = "com.apple.product-type.application";
		};
		227C05E81D3180120033E6BD /* SwiftMapsTests */ = {
			isa = PBXNativeTarget;
			buildConfigurationList = 227C06001D3180120033E6BD /* Build configuration list for PBXNativeTarget "SwiftMapsTests" */;
			buildPhases = (
				227C05E51D3180120033E6BD /* Sources */,
				227C05E61D3180120033E6BD /* Frameworks */,
				227C05E71D3180120033E6BD /* Resources */,
			);
			buildRules = (
			);
			dependencies = (
				227C05EB1D3180120033E6BD /* PBXTargetDependency */,
			);
			name = SwiftMapsTests;
			productName = SwiftMapsTests;
			productReference = 227C05E91D3180120033E6BD /* SwiftMapsTests.xctest */;
			productType = "com.apple.product-type.bundle.unit-test";
		};
		227C05F31D3180120033E6BD /* SwiftMapsUITests */ = {
			isa = PBXNativeTarget;
			buildConfigurationList = 227C06031D3180120033E6BD /* Build configuration list for PBXNativeTarget "SwiftMapsUITests" */;
			buildPhases = (
				227C05F01D3180120033E6BD /* Sources */,
				227C05F11D3180120033E6BD /* Frameworks */,
				227C05F21D3180120033E6BD /* Resources */,
			);
			buildRules = (
			);
			dependencies = (
				227C05F61D3180120033E6BD /* PBXTargetDependency */,
			);
			name = SwiftMapsUITests;
			productName = SwiftMapsUITests;
			productReference = 227C05F41D3180120033E6BD /* SwiftMapsUITests.xctest */;
			productType = "com.apple.product-type.bundle.ui-testing";
		};
/* End PBXNativeTarget section */

/* Begin PBXProject section */
		227C05CA1D3180110033E6BD /* Project object */ = {
			isa = PBXProject;
			attributes = {
				LastSwiftUpdateCheck = 0730;
				LastUpgradeCheck = 0730;
				ORGANIZATIONNAME = phschneider.net;
				TargetAttributes = {
					227C05D11D3180110033E6BD = {
						CreatedOnToolsVersion = 7.3.1;
					};
					227C05E81D3180120033E6BD = {
						CreatedOnToolsVersion = 7.3.1;
						TestTargetID = 227C05D11D3180110033E6BD;
					};
					227C05F31D3180120033E6BD = {
						CreatedOnToolsVersion = 7.3.1;
						TestTargetID = 227C05D11D3180110033E6BD;
					};
				};
			};
			buildConfigurationList = 227C05CD1D3180110033E6BD /* Build configuration list for PBXProject "SwiftMaps" */;
			compatibilityVersion = "Xcode 3.2";
			developmentRegion = English;
			hasScannedForEncodings = 0;
			knownRegions = (
				en,
				Base,
			);
			mainGroup = 227C05C91D3180110033E6BD;
			productRefGroup = 227C05D31D3180110033E6BD /* Products */;
			projectDirPath = "";
			projectRoot = "";
			targets = (
				227C05D11D3180110033E6BD /* SwiftMaps */,
				227C05E81D3180120033E6BD /* SwiftMapsTests */,
				227C05F31D3180120033E6BD /* SwiftMapsUITests */,
			);
		};
/* End PBXProject section */

/* Begin PBXResourcesBuildPhase section */
		227C05D01D3180110033E6BD /* Resources */ = {
			isa = PBXResourcesBuildPhase;
			buildActionMask = 2147483647;
			files = (
				223501B61D611D820043D3E0 /* Icon-Small@3x.png in Resources */,
				223501B81D611D820043D3E0 /* Icon@2x.png in Resources */,
				223501B11D611D820043D3E0 /* Icon-83.5@2x.png in Resources */,
				223501AE1D611D820043D3E0 /* Icon-72@2x.png in Resources */,
				223501AC1D611D820043D3E0 /* Icon-60@3x.png in Resources */,
				223501B21D611D820043D3E0 /* Icon-Small-50.png in Resources */,
				223501AF1D611D820043D3E0 /* Icon-76.png in Resources */,
				223501AA1D611D820043D3E0 /* Icon-60.png in Resources */,
				223501B51D611D820043D3E0 /* Icon-Small@2x.png in Resources */,
				227C05E31D3180120033E6BD /* LaunchScreen.storyboard in Resources */,
				223501B71D611D820043D3E0 /* Icon.png in Resources */,
				227C05E01D3180120033E6BD /* Assets.xcassets in Resources */,
				223501B41D611D820043D3E0 /* Icon-Small.png in Resources */,
				223501B31D611D820043D3E0 /* Icon-Small-50@2x.png in Resources */,
				227C05DB1D3180120033E6BD /* Main.storyboard in Resources */,
				223501AB1D611D820043D3E0 /* Icon-60@2x.png in Resources */,
				223501A71D611D820043D3E0 /* Icon-40.png in Resources */,
				223501A91D611D820043D3E0 /* Icon-40@3x.png in Resources */,
				223501A51D611D820043D3E0 /* Icon-29@2x.png in Resources */,
				223501AD1D611D820043D3E0 /* Icon-72.png in Resources */,
				223501A81D611D820043D3E0 /* Icon-40@2x.png in Resources */,
				223501A41D611D820043D3E0 /* Icon-29.png in Resources */,
				223501B01D611D820043D3E0 /* Icon-76@2x.png in Resources */,
				223501BA1D611D820043D3E0 /* iTunesArtwork@2x.png in Resources */,
				223501B91D611D820043D3E0 /* iTunesArtwork.png in Resources */,
				223501A61D611D820043D3E0 /* Icon-29@3x.png in Resources */,
			);
			runOnlyForDeploymentPostprocessing = 0;
		};
		227C05E71D3180120033E6BD /* Resources */ = {
			isa = PBXResourcesBuildPhase;
			buildActionMask = 2147483647;
			files = (
			);
			runOnlyForDeploymentPostprocessing = 0;
		};
		227C05F21D3180120033E6BD /* Resources */ = {
			isa = PBXResourcesBuildPhase;
			buildActionMask = 2147483647;
			files = (
			);
			runOnlyForDeploymentPostprocessing = 0;
		};
/* End PBXResourcesBuildPhase section */

/* Begin PBXShellScriptBuildPhase section */
		096BB48ADC374312869390CA /* Check Pods Manifest.lock */ = {
			isa = PBXShellScriptBuildPhase;
			buildActionMask = 2147483647;
			files = (
			);
			inputPaths = (
			);
			name = "Check Pods Manifest.lock";
			outputPaths = (
			);
			runOnlyForDeploymentPostprocessing = 0;
			shellPath = /bin/sh;
			shellScript = "diff \"${PODS_ROOT}/../Podfile.lock\" \"${PODS_ROOT}/Manifest.lock\" > /dev/null\nif [[ $? != 0 ]] ; then\n    cat << EOM\nerror: The sandbox is not in sync with the Podfile.lock. Run 'pod install' or update your CocoaPods installation.\nEOM\n    exit 1\nfi\n";
			showEnvVarsInLog = 0;
		};
		531C494ADF334E4584D88AD2 /* Embed Pods Frameworks */ = {
			isa = PBXShellScriptBuildPhase;
			buildActionMask = 2147483647;
			files = (
			);
			inputPaths = (
			);
			name = "Embed Pods Frameworks";
			outputPaths = (
			);
			runOnlyForDeploymentPostprocessing = 0;
			shellPath = /bin/sh;
			shellScript = "\"${SRCROOT}/Pods/Target Support Files/Pods/Pods-frameworks.sh\"\n";
			showEnvVarsInLog = 0;
		};
		FD734F31E3EF47529F1E97AD /* Copy Pods Resources */ = {
			isa = PBXShellScriptBuildPhase;
			buildActionMask = 2147483647;
			files = (
			);
			inputPaths = (
			);
			name = "Copy Pods Resources";
			outputPaths = (
			);
			runOnlyForDeploymentPostprocessing = 0;
			shellPath = /bin/sh;
			shellScript = "\"${SRCROOT}/Pods/Target Support Files/Pods/Pods-resources.sh\"\n";
			showEnvVarsInLog = 0;
		};
/* End PBXShellScriptBuildPhase section */

/* Begin PBXSourcesBuildPhase section */
		227C05CE1D3180110033E6BD /* Sources */ = {
			isa = PBXSourcesBuildPhase;
			buildActionMask = 2147483647;
			files = (
				229A74D01D359232002241F5 /* Tag.swift in Sources */,
				227C05DE1D3180120033E6BD /* SwiftMaps.xcdatamodeld in Sources */,
				227C05D81D3180120033E6BD /* ViewController.swift in Sources */,
				227653F81D318E3700BA689B /* Node.swift in Sources */,
				229A74CE1D35918C002241F5 /* Nodes.swift in Sources */,
				227C05D61D3180120033E6BD /* AppDelegate.swift in Sources */,
				223501871D60C6D10043D3E0 /* DetailViewController.swift in Sources */,
				223501891D60C8050043D3E0 /* NodeAnnotationView.swift in Sources */,
			);
			runOnlyForDeploymentPostprocessing = 0;
		};
		227C05E51D3180120033E6BD /* Sources */ = {
			isa = PBXSourcesBuildPhase;
			buildActionMask = 2147483647;
			files = (
				227C05EE1D3180120033E6BD /* SwiftMapsTests.swift in Sources */,
			);
			runOnlyForDeploymentPostprocessing = 0;
		};
		227C05F01D3180120033E6BD /* Sources */ = {
			isa = PBXSourcesBuildPhase;
			buildActionMask = 2147483647;
			files = (
				227C05F91D3180120033E6BD /* SwiftMapsUITests.swift in Sources */,
			);
			runOnlyForDeploymentPostprocessing = 0;
		};
/* End PBXSourcesBuildPhase section */

/* Begin PBXTargetDependency section */
		227C05EB1D3180120033E6BD /* PBXTargetDependency */ = {
			isa = PBXTargetDependency;
			target = 227C05D11D3180110033E6BD /* SwiftMaps */;
			targetProxy = 227C05EA1D3180120033E6BD /* PBXContainerItemProxy */;
		};
		227C05F61D3180120033E6BD /* PBXTargetDependency */ = {
			isa = PBXTargetDependency;
			target = 227C05D11D3180110033E6BD /* SwiftMaps */;
			targetProxy = 227C05F51D3180120033E6BD /* PBXContainerItemProxy */;
		};
/* End PBXTargetDependency section */

/* Begin PBXVariantGroup section */
		227C05D91D3180120033E6BD /* Main.storyboard */ = {
			isa = PBXVariantGroup;
			children = (
				227C05DA1D3180120033E6BD /* Base */,
			);
			name = Main.storyboard;
			sourceTree = "<group>";
		};
		227C05E11D3180120033E6BD /* LaunchScreen.storyboard */ = {
			isa = PBXVariantGroup;
			children = (
				227C05E21D3180120033E6BD /* Base */,
			);
			name = LaunchScreen.storyboard;
			sourceTree = "<group>";
		};
/* End PBXVariantGroup section */

/* Begin XCBuildConfiguration section */
		227C05FB1D3180120033E6BD /* Debug */ = {
			isa = XCBuildConfiguration;
			buildSettings = {
				ALWAYS_SEARCH_USER_PATHS = NO;
				CLANG_ANALYZER_NONNULL = YES;
				CLANG_CXX_LANGUAGE_STANDARD = "gnu++0x";
				CLANG_CXX_LIBRARY = "libc++";
				CLANG_ENABLE_MODULES = YES;
				CLANG_ENABLE_OBJC_ARC = YES;
				CLANG_WARN_BOOL_CONVERSION = YES;
				CLANG_WARN_CONSTANT_CONVERSION = YES;
				CLANG_WARN_DIRECT_OBJC_ISA_USAGE = YES_ERROR;
				CLANG_WARN_EMPTY_BODY = YES;
				CLANG_WARN_ENUM_CONVERSION = YES;
				CLANG_WARN_INT_CONVERSION = YES;
				CLANG_WARN_OBJC_ROOT_CLASS = YES_ERROR;
				CLANG_WARN_UNREACHABLE_CODE = YES;
				CLANG_WARN__DUPLICATE_METHOD_MATCH = YES;
				CODE_SIGN_IDENTITY = "iPhone Distribution: Philip Schneider (723AP2V5VG)";
				COPY_PHASE_STRIP = NO;
				CURRENT_PROJECT_VERSION = 2;
				DEBUG_INFORMATION_FORMAT = dwarf;
				ENABLE_STRICT_OBJC_MSGSEND = YES;
				ENABLE_TESTABILITY = YES;
				GCC_C_LANGUAGE_STANDARD = gnu99;
				GCC_DYNAMIC_NO_PIC = NO;
				GCC_NO_COMMON_BLOCKS = YES;
				GCC_OPTIMIZATION_LEVEL = 0;
				GCC_PREPROCESSOR_DEFINITIONS = (
					"DEBUG=1",
					"$(inherited)",
				);
				GCC_WARN_64_TO_32_BIT_CONVERSION = YES;
				GCC_WARN_ABOUT_RETURN_TYPE = YES_ERROR;
				GCC_WARN_UNDECLARED_SELECTOR = YES;
				GCC_WARN_UNINITIALIZED_AUTOS = YES_AGGRESSIVE;
				GCC_WARN_UNUSED_FUNCTION = YES;
				GCC_WARN_UNUSED_VARIABLE = YES;
				IPHONEOS_DEPLOYMENT_TARGET = 9.3;
				MTL_ENABLE_DEBUG_INFO = YES;
				ONLY_ACTIVE_ARCH = YES;
				PROVISIONING_PROFILE = "076d4204-bf62-4138-8c14-784019329c11";
				SDKROOT = iphoneos;
				SWIFT_OPTIMIZATION_LEVEL = "-Onone";
				TARGETED_DEVICE_FAMILY = "1,2";
			};
			name = Debug;
		};
		227C05FC1D3180120033E6BD /* Release */ = {
			isa = XCBuildConfiguration;
			buildSettings = {
				ALWAYS_SEARCH_USER_PATHS = NO;
				CLANG_ANALYZER_NONNULL = YES;
				CLANG_CXX_LANGUAGE_STANDARD = "gnu++0x";
				CLANG_CXX_LIBRARY = "libc++";
				CLANG_ENABLE_MODULES = YES;
				CLANG_ENABLE_OBJC_ARC = YES;
				CLANG_WARN_BOOL_CONVERSION = YES;
				CLANG_WARN_CONSTANT_CONVERSION = YES;
				CLANG_WARN_DIRECT_OBJC_ISA_USAGE = YES_ERROR;
				CLANG_WARN_EMPTY_BODY = YES;
				CLANG_WARN_ENUM_CONVERSION = YES;
				CLANG_WARN_INT_CONVERSION = YES;
				CLANG_WARN_OBJC_ROOT_CLASS = YES_ERROR;
				CLANG_WARN_UNREACHABLE_CODE = YES;
				CLANG_WARN__DUPLICATE_METHOD_MATCH = YES;
				CODE_SIGN_IDENTITY = "iPhone Distribution: Philip Schneider (723AP2V5VG)";
				COPY_PHASE_STRIP = NO;
				CURRENT_PROJECT_VERSION = 2;
				DEBUG_INFORMATION_FORMAT = "dwarf-with-dsym";
				ENABLE_NS_ASSERTIONS = NO;
				ENABLE_STRICT_OBJC_MSGSEND = YES;
				GCC_C_LANGUAGE_STANDARD = gnu99;
				GCC_NO_COMMON_BLOCKS = YES;
				GCC_WARN_64_TO_32_BIT_CONVERSION = YES;
				GCC_WARN_ABOUT_RETURN_TYPE = YES_ERROR;
				GCC_WARN_UNDECLARED_SELECTOR = YES;
				GCC_WARN_UNINITIALIZED_AUTOS = YES_AGGRESSIVE;
				GCC_WARN_UNUSED_FUNCTION = YES;
				GCC_WARN_UNUSED_VARIABLE = YES;
				IPHONEOS_DEPLOYMENT_TARGET = 9.3;
				MTL_ENABLE_DEBUG_INFO = NO;
				PROVISIONING_PROFILE = "076d4204-bf62-4138-8c14-784019329c11";
				SDKROOT = iphoneos;
				TARGETED_DEVICE_FAMILY = "1,2";
				VALIDATE_PRODUCT = YES;
			};
			name = Release;
		};
		227C05FE1D3180120033E6BD /* Debug */ = {
			isa = XCBuildConfiguration;
			baseConfigurationReference = 053EEA67321D9175542854A9 /* Pods.debug.xcconfig */;
			buildSettings = {
				ASSETCATALOG_COMPILER_APPICON_NAME = AppIcon;
				CLANG_ENABLE_MODULES = YES;
				INFOPLIST_FILE = SwiftMaps/Info.plist;
				LD_RUNPATH_SEARCH_PATHS = "$(inherited) @executable_path/Frameworks";
				PRODUCT_BUNDLE_IDENTIFIER = net.phschneider.maps.traffic;
				PRODUCT_NAME = "$(TARGET_NAME)";
				SWIFT_OBJC_BRIDGING_HEADER = "SwiftMaps/SwiftMaps-Bridging-Header.h";
				SWIFT_OPTIMIZATION_LEVEL = "-Onone";
			};
			name = Debug;
		};
		227C05FF1D3180120033E6BD /* Release */ = {
			isa = XCBuildConfiguration;
			baseConfigurationReference = 0879082E60C351BD4366D7F1 /* Pods.release.xcconfig */;
			buildSettings = {
				ASSETCATALOG_COMPILER_APPICON_NAME = AppIcon;
				CLANG_ENABLE_MODULES = YES;
				INFOPLIST_FILE = SwiftMaps/Info.plist;
				LD_RUNPATH_SEARCH_PATHS = "$(inherited) @executable_path/Frameworks";
				PRODUCT_BUNDLE_IDENTIFIER = net.phschneider.maps.traffic;
				PRODUCT_NAME = "$(TARGET_NAME)";
				SWIFT_OBJC_BRIDGING_HEADER = "SwiftMaps/SwiftMaps-Bridging-Header.h";
			};
			name = Release;
		};
		227C06011D3180120033E6BD /* Debug */ = {
			isa = XCBuildConfiguration;
			buildSettings = {
				BUNDLE_LOADER = "$(TEST_HOST)";
				INFOPLIST_FILE = SwiftMapsTests/Info.plist;
				LD_RUNPATH_SEARCH_PATHS = "$(inherited) @executable_path/Frameworks @loader_path/Frameworks";
				PRODUCT_BUNDLE_IDENTIFIER = net.phschneider.SwiftMapsTests;
				PRODUCT_NAME = "$(TARGET_NAME)";
				TEST_HOST = "$(BUILT_PRODUCTS_DIR)/SwiftMaps.app/SwiftMaps";
			};
			name = Debug;
		};
		227C06021D3180120033E6BD /* Release */ = {
			isa = XCBuildConfiguration;
			buildSettings = {
				BUNDLE_LOADER = "$(TEST_HOST)";
				INFOPLIST_FILE = SwiftMapsTests/Info.plist;
				LD_RUNPATH_SEARCH_PATHS = "$(inherited) @executable_path/Frameworks @loader_path/Frameworks";
				PRODUCT_BUNDLE_IDENTIFIER = net.phschneider.SwiftMapsTests;
				PRODUCT_NAME = "$(TARGET_NAME)";
				TEST_HOST = "$(BUILT_PRODUCTS_DIR)/SwiftMaps.app/SwiftMaps";
			};
			name = Release;
		};
		227C06041D3180120033E6BD /* Debug */ = {
			isa = XCBuildConfiguration;
			buildSettings = {
				INFOPLIST_FILE = SwiftMapsUITests/Info.plist;
				LD_RUNPATH_SEARCH_PATHS = "$(inherited) @executable_path/Frameworks @loader_path/Frameworks";
				PRODUCT_BUNDLE_IDENTIFIER = net.phschneider.SwiftMapsUITests;
				PRODUCT_NAME = "$(TARGET_NAME)";
				TEST_TARGET_NAME = SwiftMaps;
			};
			name = Debug;
		};
		227C06051D3180120033E6BD /* Release */ = {
			isa = XCBuildConfiguration;
			buildSettings = {
				INFOPLIST_FILE = SwiftMapsUITests/Info.plist;
				LD_RUNPATH_SEARCH_PATHS = "$(inherited) @executable_path/Frameworks @loader_path/Frameworks";
				PRODUCT_BUNDLE_IDENTIFIER = net.phschneider.SwiftMapsUITests;
				PRODUCT_NAME = "$(TARGET_NAME)";
				TEST_TARGET_NAME = SwiftMaps;
			};
			name = Release;
		};
/* End XCBuildConfiguration section */

/* Begin XCConfigurationList section */
		227C05CD1D3180110033E6BD /* Build configuration list for PBXProject "SwiftMaps" */ = {
			isa = XCConfigurationList;
			buildConfigurations = (
				227C05FB1D3180120033E6BD /* Debug */,
				227C05FC1D3180120033E6BD /* Release */,
			);
			defaultConfigurationIsVisible = 0;
			defaultConfigurationName = Release;
		};
		227C05FD1D3180120033E6BD /* Build configuration list for PBXNativeTarget "SwiftMaps" */ = {
			isa = XCConfigurationList;
			buildConfigurations = (
				227C05FE1D3180120033E6BD /* Debug */,
				227C05FF1D3180120033E6BD /* Release */,
			);
			defaultConfigurationIsVisible = 0;
			defaultConfigurationName = Release;
		};
		227C06001D3180120033E6BD /* Build configuration list for PBXNativeTarget "SwiftMapsTests" */ = {
			isa = XCConfigurationList;
			buildConfigurations = (
				227C06011D3180120033E6BD /* Debug */,
				227C06021D3180120033E6BD /* Release */,
			);
			defaultConfigurationIsVisible = 0;
			defaultConfigurationName = Release;
		};
		227C06031D3180120033E6BD /* Build configuration list for PBXNativeTarget "SwiftMapsUITests" */ = {
			isa = XCConfigurationList;
			buildConfigurations = (
				227C06041D3180120033E6BD /* Debug */,
				227C06051D3180120033E6BD /* Release */,
			);
			defaultConfigurationIsVisible = 0;
			defaultConfigurationName = Release;
		};
/* End XCConfigurationList section */

/* Begin XCVersionGroup section */
		227C05DC1D3180120033E6BD /* SwiftMaps.xcdatamodeld */ = {
			isa = XCVersionGroup;
			children = (
				227C05DD1D3180120033E6BD /* SwiftMaps.xcdatamodel */,
			);
			currentVersion = 227C05DD1D3180120033E6BD /* SwiftMaps.xcdatamodel */;
			path = SwiftMaps.xcdatamodeld;
			sourceTree = "<group>";
			versionGroupType = wrapper.xcdatamodel;
		};
/* End XCVersionGroup section */
	};
	rootObject = 227C05CA1D3180110033E6BD /* Project object */;
}
